<?xml version="1.0" encoding="utf-8"?>
<Project ToolsVersion="4.0" xmlns="http://schemas.microsoft.com/developer/msbuild/2003">
  <ItemGroup>
    <Filter Include="Main">
      <UniqueIdentifier>{05bbb93a-e38e-4e84-bbe2-38552f912573}</UniqueIdentifier>
    </Filter>
    <Filter Include="Utils">
      <UniqueIdentifier>{680a52f2-fd48-4cd4-a36a-233282e8b40a}</UniqueIdentifier>
    </Filter>
    <Filter Include="Protocol">
      <UniqueIdentifier>{9ac8b71f-9d67-4aeb-a25f-ace706696a97}</UniqueIdentifier>
    </Filter>
    <Filter Include="Handler">
      <UniqueIdentifier>{60689a92-9a45-4001-b1f7-fb30e562a29e}</UniqueIdentifier>
    </Filter>
    <Filter Include="Session_Player">
      <UniqueIdentifier>{ce04bef3-b47a-477e-b2fc-d862df0cb622}</UniqueIdentifier>
    </Filter>
    <Filter Include="Session_Chat">
      <UniqueIdentifier>{bdcc2c72-d3a7-4d60-acb7-683c1445a096}</UniqueIdentifier>
    </Filter>
    <Filter Include="Session_DB">
      <UniqueIdentifier>{a38f4221-a55b-41c9-a5c1-d11a1aeff83d}</UniqueIdentifier>
    </Filter>
  </ItemGroup>
  <ItemGroup>
    <ClCompile Include="GameServer.cpp">
      <Filter>Main</Filter>
    </ClCompile>
    <ClCompile Include="pch.cpp">
      <Filter>Utils</Filter>
    </ClCompile>
    <ClCompile Include="DBSession.cpp">
      <Filter>Session_DB</Filter>
    </ClCompile>
    <ClCompile Include="ChatSession.cpp">
      <Filter>Session_Chat</Filter>
    </ClCompile>
    <ClCompile Include="PlayerSession.cpp">
      <Filter>Session_Player</Filter>
    </ClCompile>
    <ClCompile Include="Enum.pb.cc">
      <Filter>Protocol</Filter>
    </ClCompile>
    <ClCompile Include="Protocol.pb.cc">
      <Filter>Protocol</Filter>
    </ClCompile>
    <ClCompile Include="Protocol_S2S.pb.cc">
      <Filter>Protocol</Filter>
    </ClCompile>
    <ClCompile Include="ClientPacketHandler.cpp">
      <Filter>Handler</Filter>
    </ClCompile>
    <ClCompile Include="S2SPacketHandler.cpp">
      <Filter>Handler</Filter>
    </ClCompile>
    <ClCompile Include="Struct.pb.cc">
      <Filter>Protocol</Filter>
    </ClCompile>
    <ClCompile Include="GameSessionManager.cpp" />
  </ItemGroup>
  <ItemGroup>
    <ClInclude Include="pch.h">
      <Filter>Utils</Filter>
    </ClInclude>
    <ClInclude Include="DBSession.h">
      <Filter>Session_DB</Filter>
    </ClInclude>
    <ClInclude Include="ChatSession.h">
      <Filter>Session_Chat</Filter>
    </ClInclude>
    <ClInclude Include="PlayerSession.h">
      <Filter>Session_Player</Filter>
    </ClInclude>
    <ClInclude Include="Enum.pb.h">
      <Filter>Protocol</Filter>
    </ClInclude>
    <ClInclude Include="Protocol.pb.h">
      <Filter>Protocol</Filter>
    </ClInclude>
    <ClInclude Include="Protocol_S2S.pb.h">
      <Filter>Protocol</Filter>
    </ClInclude>
    <ClInclude Include="ClientPacketHandler.h">
      <Filter>Handler</Filter>
    </ClInclude>
    <ClInclude Include="S2SPacketHandler.h">
      <Filter>Handler</Filter>
    </ClInclude>
    <ClInclude Include="Struct.pb.h">
      <Filter>Protocol</Filter>
    </ClInclude>
    <ClInclude Include="GameSessionManager.h" />
  </ItemGroup>
  <ItemGroup>
    <None Include="ServerConfig.json" />
    <None Include="..\Common\Protobuf\bin\Protocol.proto">
      <Filter>Protocol</Filter>
    </None>
    <None Include="..\Common\Protobuf\bin\Protocol_S2S.proto">
      <Filter>Protocol</Filter>
    </None>
    <None Include="..\Common\Protobuf\bin\Struct.proto">
      <Filter>Protocol</Filter>
    </None>
    <None Include="..\Common\Protobuf\bin\GenPackets.bat">
      <Filter>Protocol</Filter>
    </None>
  </ItemGroup>
</Project>